{
  "requires": true,
  "lockfileVersion": 1,
  "dependencies": {
    "@mdi/font": {
      "version": "6.1.95",
      "resolved": "https://registry.npmjs.org/@mdi/font/-/font-6.1.95.tgz",
      "integrity": "sha512-L3cg9qoUEp5MZHvu6rtuobTtPBmq0ATau5ZrHmsaE6gCRs90T4JBWyzV8WCMEjZoy5+zA+/cvtCUtD/+WVaQ9Q=="
    }
  }
}
